
Microsoft Visual Studio Solution File, Format Version 12.00
# Visual Studio Version 17
VisualStudioVersion = 17.7.34202.233
MinimumVisualStudioVersion = 10.0.40219.1
Project("{FAE04EC0-301F-11D3-BF4B-00C04F79EFBC}") = "Ejercicio 2", "Ejercicio 2\Ejercicio 2.csproj", "{CA8A4755-CEF4-47E2-81CC-D5B8BB228598}"
EndProject
Global
	GlobalSection(SolutionConfigurationPlatforms) = preSolution
		Debug|Any CPU = Debug|Any CPU
		Release|Any CPU = Release|Any CPU
	EndGlobalSection
	GlobalSection(ProjectConfigurationPlatforms) = postSolution
		{CA8A4755-CEF4-47E2-81CC-D5B8BB228598}.Debug|Any CPU.ActiveCfg = Debug|Any CPU
		{CA8A4755-CEF4-47E2-81CC-D5B8BB228598}.Debug|Any CPU.Build.0 = Debug|Any CPU
		{CA8A4755-CEF4-47E2-81CC-D5B8BB228598}.Release|Any CPU.ActiveCfg = Release|Any CPU
		{CA8A4755-CEF4-47E2-81CC-D5B8BB228598}.Release|Any CPU.Build.0 = Release|Any CPU
	EndGlobalSection
	GlobalSection(SolutionProperties) = preSolution
		HideSolutionNode = FALSE
	EndGlobalSection
	GlobalSection(ExtensibilityGlobals) = postSolution
		SolutionGuid = {57D84DB5-C376-4AF3-AD8F-0B678C589738}
	EndGlobalSection
EndGlobal
